
Microsoft Visual Studio Solution File, Format Version 12.00
# Visual Studio Version 17
VisualStudioVersion = 17.13.35825.156 d17.13
MinimumVisualStudioVersion = 10.0.40219.1
Project("{8BC9CEB8-8B4A-11D0-8D11-00A0C91BC942}") = "LR6_3", "LR6_3\LR6_3.vcxproj", "{99AC2CA3-9175-428B-BED0-EF229EA5E513}"
EndProject
Global
	GlobalSection(SolutionConfigurationPlatforms) = preSolution
		Debug|x64 = Debug|x64
		Debug|x86 = Debug|x86
		Release|x64 = Release|x64
		Release|x86 = Release|x86
	EndGlobalSection
	GlobalSection(ProjectConfigurationPlatforms) = postSolution
		{99AC2CA3-9175-428B-BED0-EF229EA5E513}.Debug|x64.ActiveCfg = Debug|x64
		{99AC2CA3-9175-428B-BED0-EF229EA5E513}.Debug|x64.Build.0 = Debug|x64
		{99AC2CA3-9175-428B-BED0-EF229EA5E513}.Debug|x86.ActiveCfg = Debug|Win32
		{99AC2CA3-9175-428B-BED0-EF229EA5E513}.Debug|x86.Build.0 = Debug|Win32
		{99AC2CA3-9175-428B-BED0-EF229EA5E513}.Release|x64.ActiveCfg = Release|x64
		{99AC2CA3-9175-428B-BED0-EF229EA5E513}.Release|x64.Build.0 = Release|x64
		{99AC2CA3-9175-428B-BED0-EF229EA5E513}.Release|x86.ActiveCfg = Release|Win32
		{99AC2CA3-9175-428B-BED0-EF229EA5E513}.Release|x86.Build.0 = Release|Win32
	EndGlobalSection
	GlobalSection(SolutionProperties) = preSolution
		HideSolutionNode = FALSE
	EndGlobalSection
	GlobalSection(ExtensibilityGlobals) = postSolution
		SolutionGuid = {1E5E591D-057A-48EB-84EE-C05C403B998D}
	EndGlobalSection
EndGlobal
